lockfileVersion: '9.0'

settings:
  autoInstallPeers: true
  excludeLinksFromLockfile: false

importers:

  .:
    devDependencies:
      '@biomejs/biome':
        specifier: ^1.9.4
        version: 1.9.4
      '@types/node':
        specifier: ^22.10.2
        version: 22.19.18
      turbo:
        specifier: ^2.3.3
        version: 2.9.10
      typescript:
        specifier: ^5.7.2
        version: 5.9.3

  packages/config: {}

  packages/core:
    devDependencies:
      '@4play/config':
        specifier: workspace:*
        version: link:../config
      typescript:
        specifier: ^5.7.2
        version: 5.9.3

  packages/db:
    devDependencies:
      '@4play/config':
        specifier: workspace:*
        version: link:../config
      typescript:
        specifier: ^5.7.2
        version: 5.9.3

  packages/ui:
    devDependencies:
      '@4play/config':
        specifier: workspace:*
        version: link:../config
      typescript:
        specifier: ^5.7.2
        version: 5.9.3

packages:

  '@biomejs/biome@1.9.4':
    resolution: {integrity: sha512-1rkd7G70+o9KkTn5KLmDYXihGoTaIGO9PIIN2ZB7UJxFrWw04CZHPYiMRjYsaDvVV7hP1dYNRLxSANLaBFGpog==}
    engines: {node: '>=14.21.3'}
    hasBin: true

  '@biomejs/cli-darwin-arm64@1.9.4':
    resolution: {integrity: sha512-bFBsPWrNvkdKrNCYeAp+xo2HecOGPAy9WyNyB/jKnnedgzl4W4Hb9ZMzYNbf8dMCGmUdSavlYHiR01QaYR58cw==}
    engines: {node: '>=14.21.3'}
    cpu: [arm64]
    os: [darwin]

  '@biomejs/cli-darwin-x64@1.9.4':
    resolution: {integrity: sha512-ngYBh/+bEedqkSevPVhLP4QfVPCpb+4BBe2p7Xs32dBgs7rh9nY2AIYUL6BgLw1JVXV8GlpKmb/hNiuIxfPfZg==}
    engines: {node: '>=14.21.3'}
    cpu: [x64]
    os: [darwin]

  '@biomejs/cli-linux-arm64-musl@1.9.4':
    resolution: {integrity: sha512-v665Ct9WCRjGa8+kTr0CzApU0+XXtRgwmzIf1SeKSGAv+2scAlW6JR5PMFo6FzqqZ64Po79cKODKf3/AAmECqA==}
    engines: {node: '>=14.21.3'}
    cpu: [arm64]
    os: [linux]

  '@biomejs/cli-linux-arm64@1.9.4':
    resolution: {integrity: sha512-fJIW0+LYujdjUgJJuwesP4EjIBl/N/TcOX3IvIHJQNsAqvV2CHIogsmA94BPG6jZATS4Hi+xv4SkBBQSt1N4/g==}
    engines: {node: '>=14.21.3'}
    cpu: [arm64]
    os: [linux]

  '@biomejs/cli-linux-x64-musl@1.9.4':
    resolution: {integrity: sha512-gEhi/jSBhZ2m6wjV530Yy8+fNqG8PAinM3oV7CyO+6c3CEh16Eizm21uHVsyVBEB6RIM8JHIl6AGYCv6Q6Q9Tg==}
    engines: {node: '>=14.21.3'}
    cpu: [x64]
    os: [linux]

  '@biomejs/cli-linux-x64@1.9.4':
    resolution: {integrity: sha512-lRCJv/Vi3Vlwmbd6K+oQ0KhLHMAysN8lXoCI7XeHlxaajk06u7G+UsFSO01NAs5iYuWKmVZjmiOzJ0OJmGsMwg==}
    engines: {node: '>=14.21.3'}
    cpu: [x64]
    os: [linux]

  '@biomejs/cli-win32-arm64@1.9.4':
    resolution: {integrity: sha512-tlbhLk+WXZmgwoIKwHIHEBZUwxml7bRJgk0X2sPyNR3S93cdRq6XulAZRQJ17FYGGzWne0fgrXBKpl7l4M87Hg==}
    engines: {node: '>=14.21.3'}
    cpu: [arm64]
    os: [win32]

  '@biomejs/cli-win32-x64@1.9.4':
    resolution: {integrity: sha512-8Y5wMhVIPaWe6jw2H+KlEm4wP/f7EW3810ZLmDlrEEy5KvBsb9ECEfu/kMWD484ijfQ8+nIi0giMgu9g1UAuuA==}
    engines: {node: '>=14.21.3'}
    cpu: [x64]
    os: [win32]

  '@turbo/darwin-64@2.9.10':
    resolution: {integrity: sha512-5BVJnes8/zMPydF8ktfBBWqCCpUeWVxwZ6avYHRqLzk2PuTAsLz0TlaKdDe1nk1cz3/o0c+7CEf6zqNXdB2N7Q==}
    cpu: [x64]
    os: [darwin]

  '@turbo/darwin-arm64@2.9.10':
    resolution: {integrity: sha512-MwaJl+vsxlkkDJYWN87GWKYD64kOvZFFlrDtGmCDeEx/488Kola5TVgS0VQkEUwnbDPjaDIB7kBMIzdzJRElbg==}
    cpu: [arm64]
    os: [darwin]

  '@turbo/linux-64@2.9.10':
    resolution: {integrity: sha512-HWrCKR+kUicEf4awj1EVRh5LI2hiDncpWZSXqhVj+wQT3SolBSXqXiSPYHgdh6hkmyfvz75Ex/+axXGcgQGdeA==}
    cpu: [x64]
    os: [linux]

  '@turbo/linux-arm64@2.9.10':
    resolution: {integrity: sha512-edJINoZcDn4g1zkOZHFrGtLX0EWTryoNJSlZK5SEVux4hITT6hTCzugVGtOUmdI+PuJ/xRRL3jKGa+JgjSoq5A==}
    cpu: [arm64]
    os: [linux]

  '@turbo/windows-64@2.9.10':
    resolution: {integrity: sha512-rkASn89ATUtSyKvhGaWSyqVHBwtqFEUV1rFNKCtthSoix0T/kUHLJDKpepE/Wh6CtSnhxAfsY8cODtevD/hR7A==}
    cpu: [x64]
    os: [win32]

  '@turbo/windows-arm64@2.9.10':
    resolution: {integrity: sha512-cblXqub7uABXKNMzvPB1IyOuSQpeMo7zZHSREB2C0mtIVn4lUSd2CfaGBtOrDqmkC9dsan3itxY4IejChQvfpg==}
    cpu: [arm64]
    os: [win32]

  '@types/node@22.19.18':
    resolution: {integrity: sha512-9v00a+dn2yWVsYDEunWC4g/TcRKVq3r8N5FuZp7u0SGrPvdN9c2yXI9bBuf5Fl0hNCb+QTIePTn5pJs2pwBOQQ==}

  turbo@2.9.10:
    resolution: {integrity: sha512-YBLeNT0wLoysGgQEkvBWE2GA1liGGZ1j13wa7xHTwELJx4ZhM+c2szeXj6wUOUGO86BmyhY0Q/ELWwU3WDXzZA==}
    hasBin: true

  typescript@5.9.3:
    resolution: {integrity: sha512-jl1vZzPDinLr9eUt3J/t7V6FgNEw9QjvBPdysz9KfQDD41fQrC2Y4vKQdiaUpFT4bXlb1RHhLpp8wtm6M5TgSw==}
    engines: {node: '>=14.17'}
    hasBin: true

  undici-types@6.21.0:
    resolution: {integrity: sha512-iwDZqg0QAGrg9Rav5H4n0M64c3mkR59cJ6wQp+7C4nI0gsmExaedaYLNO44eT4AtBBwjbTiGPMlt2Md0T9H9JQ==}

snapshots:

  '@biomejs/biome@1.9.4':
    optionalDependencies:
      '@biomejs/cli-darwin-arm64': 1.9.4
      '@biomejs/cli-darwin-x64': 1.9.4
      '@biomejs/cli-linux-arm64': 1.9.4
      '@biomejs/cli-linux-arm64-musl': 1.9.4
      '@biomejs/cli-linux-x64': 1.9.4
      '@biomejs/cli-linux-x64-musl': 1.9.4
      '@biomejs/cli-win32-arm64': 1.9.4
      '@biomejs/cli-win32-x64': 1.9.4

  '@biomejs/cli-darwin-arm64@1.9.4':
    optional: true

  '@biomejs/cli-darwin-x64@1.9.4':
    optional: true

  '@biomejs/cli-linux-arm64-musl@1.9.4':
    optional: true

  '@biomejs/cli-linux-arm64@1.9.4':
    optional: true

  '@biomejs/cli-linux-x64-musl@1.9.4':
    optional: true

  '@biomejs/cli-linux-x64@1.9.4':
    optional: true

  '@biomejs/cli-win32-arm64@1.9.4':
    optional: true

  '@biomejs/cli-win32-x64@1.9.4':
    optional: true

  '@turbo/darwin-64@2.9.10':
    optional: true

  '@turbo/darwin-arm64@2.9.10':
    optional: true

  '@turbo/linux-64@2.9.10':
    optional: true

  '@turbo/linux-arm64@2.9.10':
    optional: true

  '@turbo/windows-64@2.9.10':
    optional: true

  '@turbo/windows-arm64@2.9.10':
    optional: true

  '@types/node@22.19.18':
    dependencies:
      undici-types: 6.21.0

  turbo@2.9.10:
    optionalDependencies:
      '@turbo/darwin-64': 2.9.10
      '@turbo/darwin-arm64': 2.9.10
      '@turbo/linux-64': 2.9.10
      '@turbo/linux-arm64': 2.9.10
      '@turbo/windows-64': 2.9.10
      '@turbo/windows-arm64': 2.9.10

  typescript@5.9.3: {}

  undici-types@6.21.0: {}
